
Microsoft Visual Studio Solution File, Format Version 12.00
# Visual Studio Version 17
VisualStudioVersion = 17.13.35919.96
MinimumVisualStudioVersion = 10.0.40219.1
Project("{FAE04EC0-301F-11D3-BF4B-00C04F79EFBC}") = "TCC - Gerenciamento de estoque", "TCC - Gerenciamento de estoque\TCC - Gerenciamento de estoque.csproj", "{D1A2E085-531C-4F21-BC7F-C3C1BAEFB785}"
EndProject
Global
	GlobalSection(SolutionConfigurationPlatforms) = preSolution
		Debug|Any CPU = Debug|Any CPU
		Release|Any CPU = Release|Any CPU
	EndGlobalSection
	GlobalSection(ProjectConfigurationPlatforms) = postSolution
		{D1A2E085-531C-4F21-BC7F-C3C1BAEFB785}.Debug|Any CPU.ActiveCfg = Debug|Any CPU
		{D1A2E085-531C-4F21-BC7F-C3C1BAEFB785}.Debug|Any CPU.Build.0 = Debug|Any CPU
		{D1A2E085-531C-4F21-BC7F-C3C1BAEFB785}.Release|Any CPU.ActiveCfg = Release|Any CPU
		{D1A2E085-531C-4F21-BC7F-C3C1BAEFB785}.Release|Any CPU.Build.0 = Release|Any CPU
	EndGlobalSection
	GlobalSection(SolutionProperties) = preSolution
		HideSolutionNode = FALSE
	EndGlobalSection
	GlobalSection(ExtensibilityGlobals) = postSolution
		SolutionGuid = {6939909A-4F54-491F-87B9-9254BF2069CE}
	EndGlobalSection
EndGlobal
